
Microsoft Visual Studio Solution File, Format Version 11.00
# Visual Studio 2010
Project("{FAE04EC0-301F-11D3-BF4B-00C04F79EFBC}") = "Castle Break", "Assembly-CSharp.csproj", "{8C39FB21-4925-45A6-D2F0-B1E9677262ED}"
EndProject
Project("{FAE04EC0-301F-11D3-BF4B-00C04F79EFBC}") = "Castle Break", "Assembly-CSharp-firstpass.csproj", "{31FDC656-C35D-2C25-4BEE-DA0335F7CCE4}"
EndProject
Project("{FAE04EC0-301F-11D3-BF4B-00C04F79EFBC}") = "Castle Break", "Assembly-CSharp-Editor.csproj", "{4EB0ACC4-E59D-49F1-E916-7394D61FDE01}"
EndProject
Project("{FAE04EC0-301F-11D3-BF4B-00C04F79EFBC}") = "Castle Break", "Assembly-CSharp-Editor-firstpass.csproj", "{58EB53EC-8C20-A1D5-A1E8-2992A12C94A0}"
EndProject
Global
	GlobalSection(SolutionConfigurationPlatforms) = preSolution
		Debug|Any CPU = Debug|Any CPU
		Release|Any CPU = Release|Any CPU
	EndGlobalSection
	GlobalSection(ProjectConfigurationPlatforms) = postSolution
		{8C39FB21-4925-45A6-D2F0-B1E9677262ED}.Debug|Any CPU.ActiveCfg = Debug|Any CPU
		{8C39FB21-4925-45A6-D2F0-B1E9677262ED}.Debug|Any CPU.Build.0 = Debug|Any CPU
		{8C39FB21-4925-45A6-D2F0-B1E9677262ED}.Release|Any CPU.ActiveCfg = Release|Any CPU
		{8C39FB21-4925-45A6-D2F0-B1E9677262ED}.Release|Any CPU.Build.0 = Release|Any CPU
		{31FDC656-C35D-2C25-4BEE-DA0335F7CCE4}.Debug|Any CPU.ActiveCfg = Debug|Any CPU
		{31FDC656-C35D-2C25-4BEE-DA0335F7CCE4}.Debug|Any CPU.Build.0 = Debug|Any CPU
		{31FDC656-C35D-2C25-4BEE-DA0335F7CCE4}.Release|Any CPU.ActiveCfg = Release|Any CPU
		{31FDC656-C35D-2C25-4BEE-DA0335F7CCE4}.Release|Any CPU.Build.0 = Release|Any CPU
		{4EB0ACC4-E59D-49F1-E916-7394D61FDE01}.Debug|Any CPU.ActiveCfg = Debug|Any CPU
		{4EB0ACC4-E59D-49F1-E916-7394D61FDE01}.Debug|Any CPU.Build.0 = Debug|Any CPU
		{4EB0ACC4-E59D-49F1-E916-7394D61FDE01}.Release|Any CPU.ActiveCfg = Release|Any CPU
		{4EB0ACC4-E59D-49F1-E916-7394D61FDE01}.Release|Any CPU.Build.0 = Release|Any CPU
		{58EB53EC-8C20-A1D5-A1E8-2992A12C94A0}.Debug|Any CPU.ActiveCfg = Debug|Any CPU
		{58EB53EC-8C20-A1D5-A1E8-2992A12C94A0}.Debug|Any CPU.Build.0 = Debug|Any CPU
		{58EB53EC-8C20-A1D5-A1E8-2992A12C94A0}.Release|Any CPU.ActiveCfg = Release|Any CPU
		{58EB53EC-8C20-A1D5-A1E8-2992A12C94A0}.Release|Any CPU.Build.0 = Release|Any CPU
	EndGlobalSection
	GlobalSection(SolutionProperties) = preSolution
		HideSolutionNode = FALSE
	EndGlobalSection
	GlobalSection(MonoDevelopProperties) = preSolution
		StartupItem = Assembly-CSharp.csproj
	EndGlobalSection
EndGlobal
